
Microsoft Visual Studio Solution File, Format Version 12.00
# Visual Studio Version 17
Project("{8BC9CEB8-8B4A-11D0-8D11-00A0C91BC942}") = "stegZ", "src\stegZ.vcxproj", "{52596110-BE6D-89C1-87EF-2C21F3C285F2}"
EndProject
Global
	GlobalSection(SolutionConfigurationPlatforms) = preSolution
		Debug|x64 = Debug|x64
	EndGlobalSection
	GlobalSection(ProjectConfigurationPlatforms) = postSolution
		{52596110-BE6D-89C1-87EF-2C21F3C285F2}.Debug|x64.ActiveCfg = Debug|x64
		{52596110-BE6D-89C1-87EF-2C21F3C285F2}.Debug|x64.Build.0 = Debug|x64
	EndGlobalSection
	GlobalSection(SolutionProperties) = preSolution
		HideSolutionNode = FALSE
	EndGlobalSection
EndGlobal
